{
  "version": 4,
  "terraform_version": "1.3.7",
  "serial": 5,
  "lineage": "79d5ff32-e4a6-8a22-85b8-8929c8bc166a",
  "outputs": {},
  "resources": [
    {
      "mode": "managed",
      "type": "local_file",
      "name": "myfile",
      "provider": "provider[\"registry.terraform.io/hashicorp/local\"]",
      "instances": [
        {
          "schema_version": 0,
          "attributes": {
            "content": "Yes Im Zaki",
            "content_base64": null,
            "directory_permission": "0777",
            "file_permission": "0777",
            "filename": "test.sh",
            "id": "ce3fe8e0944431f248330808b35d20c0e7cb660d",
            "sensitive_content": null,
            "source": null
          },
          "sensitive_attributes": []
        }
      ]
    }
  ],
  "check_results": null
}
